
Microsoft Visual Studio Solution File, Format Version 12.00
# Visual Studio 15
VisualStudioVersion = 15.0.27428.2005
MinimumVisualStudioVersion = 10.0.40219.1
Project("{FAE04EC0-301F-11D3-BF4B-00C04F79EFBC}") = "BinaryExtensions", "BinaryExtensions\BinaryExtensions.csproj", "{35ED621C-DDC0-4939-A036-A0653521F61B}"
EndProject
Global
	GlobalSection(SolutionConfigurationPlatforms) = preSolution
		Debug|Any CPU = Debug|Any CPU
		Release|Any CPU = Release|Any CPU
	EndGlobalSection
	GlobalSection(ProjectConfigurationPlatforms) = postSolution
		{35ED621C-DDC0-4939-A036-A0653521F61B}.Debug|Any CPU.ActiveCfg = Debug|Any CPU
		{35ED621C-DDC0-4939-A036-A0653521F61B}.Debug|Any CPU.Build.0 = Debug|Any CPU
		{35ED621C-DDC0-4939-A036-A0653521F61B}.Release|Any CPU.ActiveCfg = Release|Any CPU
		{35ED621C-DDC0-4939-A036-A0653521F61B}.Release|Any CPU.Build.0 = Release|Any CPU
	EndGlobalSection
	GlobalSection(SolutionProperties) = preSolution
		HideSolutionNode = FALSE
	EndGlobalSection
	GlobalSection(ExtensibilityGlobals) = postSolution
		SolutionGuid = {88317CAE-5F4B-4E97-A182-2EF28D208AF2}
	EndGlobalSection
EndGlobal
